
Microsoft Visual Studio Solution File, Format Version 12.00
# Visual Studio Version 16
VisualStudioVersion = 16.0.31410.357
MinimumVisualStudioVersion = 10.0.40219.1
Project("{FAE04EC0-301F-11D3-BF4B-00C04F79EFBC}") = "Timer", "Timer\Timer.csproj", "{BD820C05-BC7B-4B9D-B72C-44BB2791EFD7}"
EndProject
Global
	GlobalSection(SolutionConfigurationPlatforms) = preSolution
		Debug|Any CPU = Debug|Any CPU
		Release|Any CPU = Release|Any CPU
	EndGlobalSection
	GlobalSection(ProjectConfigurationPlatforms) = postSolution
		{BD820C05-BC7B-4B9D-B72C-44BB2791EFD7}.Debug|Any CPU.ActiveCfg = Debug|Any CPU
		{BD820C05-BC7B-4B9D-B72C-44BB2791EFD7}.Debug|Any CPU.Build.0 = Debug|Any CPU
		{BD820C05-BC7B-4B9D-B72C-44BB2791EFD7}.Release|Any CPU.ActiveCfg = Release|Any CPU
		{BD820C05-BC7B-4B9D-B72C-44BB2791EFD7}.Release|Any CPU.Build.0 = Release|Any CPU
	EndGlobalSection
	GlobalSection(SolutionProperties) = preSolution
		HideSolutionNode = FALSE
	EndGlobalSection
	GlobalSection(ExtensibilityGlobals) = postSolution
		SolutionGuid = {8A04C57D-D908-4979-9FB2-D1714BC4FBBE}
	EndGlobalSection
EndGlobal
